{
  "name": "crane-parser",
  "version": "0.2.1",
  "lockfileVersion": 1,
  "requires": true,
  "dependencies": {
    "acorn": {
      "version": "5.7.4",
      "resolved": "https://registry.npmjs.org/acorn/-/acorn-5.7.4.tgz",
      "integrity": "sha512-1D++VG7BhrtvQpNbBzovKNc1FLGGEE/oGe7b9xJm/RFHMBeUaUGpluV9RLjZa47YFdPcDAenEYuq9pQPcMdLJg=="
    },
    "ansi-regex": {
      "version": "2.1.1",
      "resolved": "https://registry.npmjs.org/ansi-regex/-/ansi-regex-2.1.1.tgz",
      "integrity": "sha1-w7M6te42DYbg5ijwRorn7yfWVN8=",
      "dev": true
    },
    "ansi-styles": {
      "version": "2.2.1",
      "resolved": "https://registry.npmjs.org/ansi-styles/-/ansi-styles-2.2.1.tgz",
      "integrity": "sha1-tDLdM1i2NM914eRmQ2gkBTPB3b4=",
      "dev": true
    },
    "archy": {
      "version": "1.0.0",
      "resolved": "https://registry.npmjs.org/archy/-/archy-1.0.0.tgz",
      "integrity": "sha1-+cjBN1fMHde8N5rHeyxipcKGjEA=",
      "dev": true
    },
    "babel": {
      "version": "6.23.0",
      "resolved": "https://registry.npmjs.org/babel/-/babel-6.23.0.tgz",
      "integrity": "sha1-0NHn2APpdHZb7qMjLU4VPA77kPQ=",
      "dev": true
    },
    "babel-code-frame": {
      "version": "6.26.0",
      "resolved": "https://registry.npmjs.org/babel-code-frame/-/babel-code-frame-6.26.0.tgz",
      "integrity": "sha1-Y/1D99weO7fONZR9uP42mj9Yx0s=",
      "dev": true,
      "requires": {
        "chalk": "^1.1.3",
        "esutils": "^2.0.2",
        "js-tokens": "^3.0.2"
      }
    },
    "babel-core": {
      "version": "6.26.3",
      "resolved": "https://registry.npmjs.org/babel-core/-/babel-core-6.26.3.tgz",
      "integrity": "sha512-6jyFLuDmeidKmUEb3NM+/yawG0M2bDZ9Z1qbZP59cyHLz8kYGKYwpJP0UwUKKUiTRNvxfLesJnTedqczP7cTDA==",
      "dev": true,
      "requires": {
        "babel-code-frame": "^6.26.0",
        "babel-generator": "^6.26.0",
        "babel-helpers": "^6.24.1",
        "babel-messages": "^6.23.0",
        "babel-register": "^6.26.0",
        "babel-runtime": "^6.26.0",
        "babel-template": "^6.26.0",
        "babel-traverse": "^6.26.0",
        "babel-types": "^6.26.0",
        "babylon": "^6.18.0",
        "convert-source-map": "^1.5.1",
        "debug": "^2.6.9",
        "json5": "^0.5.1",
        "lodash": "^4.17.4",
        "minimatch": "^3.0.4",
        "path-is-absolute": "^1.0.1",
        "private": "^0.1.8",
        "slash": "^1.0.0",
        "source-map": "^0.5.7"
      },
      "dependencies": {
        "source-map": {
          "version": "0.5.7",
          "resolved": "https://registry.npmjs.org/source-map/-/source-map-0.5.7.tgz",
          "integrity": "sha1-igOdLRAh0i0eoUyA2OpGi6LvP8w=",
          "dev": true
        }
      }
    },
    "babel-generator": {
      "version": "6.26.1",
      "resolved": "https://registry.npmjs.org/babel-generator/-/babel-generator-6.26.1.tgz",
      "integrity": "sha512-HyfwY6ApZj7BYTcJURpM5tznulaBvyio7/0d4zFOeMPUmfxkCjHocCuoLa2SAGzBI8AREcH3eP3758F672DppA==",
      "dev": true,
      "requires": {
        "babel-messages": "^6.23.0",
        "babel-runtime": "^6.26.0",
        "babel-types": "^6.26.0",
        "detect-indent": "^4.0.0",
        "jsesc": "^1.3.0",
        "lodash": "^4.17.4",
        "source-map": "^0.5.7",
        "trim-right": "^1.0.1"
      },
      "dependencies": {
        "source-map": {
          "version": "0.5.7",
          "resolved": "https://registry.npmjs.org/source-map/-/source-map-0.5.7.tgz",
          "integrity": "sha1-igOdLRAh0i0eoUyA2OpGi6LvP8w=",
          "dev": true
        }
      }
    },
    "babel-helpers": {
      "version": "6.24.1",
      "resolved": "https://registry.npmjs.org/babel-helpers/-/babel-helpers-6.24.1.tgz",
      "integrity": "sha1-NHHenK7DiOXIUOWX5Yom3fN2ArI=",
      "dev": true,
      "requires": {
        "babel-runtime": "^6.22.0",
        "babel-template": "^6.24.1"
      }
    },
    "babel-messages": {
      "version": "6.23.0",
      "resolved": "https://registry.npmjs.org/babel-messages/-/babel-messages-6.23.0.tgz",
      "integrity": "sha1-8830cDhYA1sqKVHG7F7fbGLyYw4=",
      "dev": true,
      "requires": {
        "babel-runtime": "^6.22.0"
      }
    },
    "babel-plugin-transform-es2015-modules-commonjs": {
      "version": "6.26.2",
      "resolved": "https://registry.npmjs.org/babel-plugin-transform-es2015-modules-commonjs/-/babel-plugin-transform-es2015-modules-commonjs-6.26.2.tgz",
      "integrity": "sha512-CV9ROOHEdrjcwhIaJNBGMBCodN+1cfkwtM1SbUHmvyy35KGT7fohbpOxkE2uLz1o6odKK2Ck/tz47z+VqQfi9Q==",
      "dev": true,
      "requires": {
        "babel-plugin-transform-strict-mode": "^6.24.1",
        "babel-runtime": "^6.26.0",
        "babel-template": "^6.26.0",
        "babel-types": "^6.26.0"
      }
    },
    "babel-plugin-transform-strict-mode": {
      "version": "6.24.1",
      "resolved": "https://registry.npmjs.org/babel-plugin-transform-strict-mode/-/babel-plugin-transform-strict-mode-6.24.1.tgz",
      "integrity": "sha1-1fr3qleKZbvlkc9e2uBKDGcCB1g=",
      "dev": true,
      "requires": {
        "babel-runtime": "^6.22.0",
        "babel-types": "^6.24.1"
      }
    },
    "babel-register": {
      "version": "6.26.0",
      "resolved": "https://registry.npmjs.org/babel-register/-/babel-register-6.26.0.tgz",
      "integrity": "sha1-btAhFz4vy0htestFxgCahW9kcHE=",
      "dev": true,
      "requires": {
        "babel-core": "^6.26.0",
        "babel-runtime": "^6.26.0",
        "core-js": "^2.5.0",
        "home-or-tmp": "^2.0.0",
        "lodash": "^4.17.4",
        "mkdirp": "^0.5.1",
        "source-map-support": "^0.4.15"
      },
      "dependencies": {
        "source-map": {
          "version": "0.5.7",
          "resolved": "https://registry.npmjs.org/source-map/-/source-map-0.5.7.tgz",
          "integrity": "sha1-igOdLRAh0i0eoUyA2OpGi6LvP8w=",
          "dev": true
        },
        "source-map-support": {
          "version": "0.4.18",
          "resolved": "https://registry.npmjs.org/source-map-support/-/source-map-support-0.4.18.tgz",
          "integrity": "sha512-try0/JqxPLF9nOjvSta7tVondkP5dwgyLDjVoyMDlmjugT2lRZ1OfsrYTkCd2hkDnJTKRbO/Rl3orm8vlsUzbA==",
          "dev": true,
          "requires": {
            "source-map": "^0.5.6"
          }
        }
      }
    },
    "babel-runtime": {
      "version": "6.26.0",
      "resolved": "https://registry.npmjs.org/babel-runtime/-/babel-runtime-6.26.0.tgz",
      "integrity": "sha1-llxwWGaOgrVde/4E/yM3vItWR/4=",
      "dev": true,
      "requires": {
        "core-js": "^2.4.0",
        "regenerator-runtime": "^0.11.0"
      }
    },
    "babel-template": {
      "version": "6.26.0",
      "resolved": "https://registry.npmjs.org/babel-template/-/babel-template-6.26.0.tgz",
      "integrity": "sha1-3gPi0WOWsGn0bdn/+FIfsaDjXgI=",
      "dev": true,
      "requires": {
        "babel-runtime": "^6.26.0",
        "babel-traverse": "^6.26.0",
        "babel-types": "^6.26.0",
        "babylon": "^6.18.0",
        "lodash": "^4.17.4"
      }
    },
    "babel-traverse": {
      "version": "6.26.0",
      "resolved": "https://registry.npmjs.org/babel-traverse/-/babel-traverse-6.26.0.tgz",
      "integrity": "sha1-RqnL1+3MYsjlwGTi0tjQ9ANXZu4=",
      "dev": true,
      "requires": {
        "babel-code-frame": "^6.26.0",
        "babel-messages": "^6.23.0",
        "babel-runtime": "^6.26.0",
        "babel-types": "^6.26.0",
        "babylon": "^6.18.0",
        "debug": "^2.6.8",
        "globals": "^9.18.0",
        "invariant": "^2.2.2",
        "lodash": "^4.17.4"
      }
    },
    "babel-types": {
      "version": "6.26.0",
      "resolved": "https://registry.npmjs.org/babel-types/-/babel-types-6.26.0.tgz",
      "integrity": "sha1-o7Bz+Uq0nrb6Vc1lInozQ4BjJJc=",
      "dev": true,
      "requires": {
        "babel-runtime": "^6.26.0",
        "esutils": "^2.0.2",
        "lodash": "^4.17.4",
        "to-fast-properties": "^1.0.3"
      }
    },
    "babylon": {
      "version": "6.18.0",
      "resolved": "https://registry.npmjs.org/babylon/-/babylon-6.18.0.tgz",
      "integrity": "sha512-q/UEjfGJ2Cm3oKV71DJz9d25TPnq5rhBVL2Q4fA5wcC3jcrdn7+SssEybFIxwAvvP+YCsCYNKughoF33GxgycQ==",
      "dev": true
    },
    "balanced-match": {
      "version": "1.0.0",
      "resolved": "https://registry.npmjs.org/balanced-match/-/balanced-match-1.0.0.tgz",
      "integrity": "sha1-ibTRmasr7kneFk6gK4nORi1xt2c=",
      "dev": true
    },
    "brace-expansion": {
      "version": "1.1.11",
      "resolved": "https://registry.npmjs.org/brace-expansion/-/brace-expansion-1.1.11.tgz",
      "integrity": "sha512-iCuPHDFgrHX7H2vEI/5xpz07zSHB00TpugqhmYtVmMO6518mCuRMoOYFldEBl0g187ufozdaHgWKcYFb61qGiA==",
      "dev": true,
      "requires": {
        "balanced-match": "^1.0.0",
        "concat-map": "0.0.1"
      }
    },
    "buffer-from": {
      "version": "1.1.1",
      "resolved": "https://registry.npmjs.org/buffer-from/-/buffer-from-1.1.1.tgz",
      "integrity": "sha512-MQcXEUbCKtEo7bhqEs6560Hyd4XaovZlO/k9V3hjVUF/zwW7KBVdSK4gIt/bzwS9MbR5qob+F5jusZsb0YQK2A=="
    },
    "chalk": {
      "version": "1.1.3",
      "resolved": "https://registry.npmjs.org/chalk/-/chalk-1.1.3.tgz",
      "integrity": "sha1-qBFcVeSnAv5NFQq9OHKCKn4J/Jg=",
      "dev": true,
      "requires": {
        "ansi-styles": "^2.2.1",
        "escape-string-regexp": "^1.0.2",
        "has-ansi": "^2.0.0",
        "strip-ansi": "^3.0.0",
        "supports-color": "^2.0.0"
      }
    },
    "colors": {
      "version": "1.4.0",
      "resolved": "https://registry.npmjs.org/colors/-/colors-1.4.0.tgz",
      "integrity": "sha512-a+UqTh4kgZg/SlGvfbzDHpgRu7AAQOmmqRHJnxhRZICKFUT91brVhNNt58CMWU9PsBbv3PDCZUHbVxuDiH2mtA==",
      "dev": true
    },
    "commander": {
      "version": "2.20.3",
      "resolved": "https://registry.npmjs.org/commander/-/commander-2.20.3.tgz",
      "integrity": "sha512-GpVkmM8vF2vQUkj2LvZmD35JxeJOLCwJ9cUkugyk2nuhbv3+mJvpLYYt+0+USMxE+oj+ey/lJEnhZw75x/OMcQ=="
    },
    "concat-map": {
      "version": "0.0.1",
      "resolved": "https://registry.npmjs.org/concat-map/-/concat-map-0.0.1.tgz",
      "integrity": "sha1-2Klr13/Wjfd5OnMDajug1UBdR3s=",
      "dev": true
    },
    "convert-source-map": {
      "version": "1.7.0",
      "resolved": "https://registry.npmjs.org/convert-source-map/-/convert-source-map-1.7.0.tgz",
      "integrity": "sha512-4FJkXzKXEDB1snCFZlLP4gpC3JILicCpGbzG9f9G7tGqGCzETQ2hWPrcinA9oU4wtf2biUaEH5065UnMeR33oA==",
      "dev": true,
      "requires": {
        "safe-buffer": "~5.1.1"
      }
    },
    "core-js": {
      "version": "2.6.11",
      "resolved": "https://registry.npmjs.org/core-js/-/core-js-2.6.11.tgz",
      "integrity": "sha512-5wjnpaT/3dV+XB4borEsnAYQchn00XSgTAWKDkEqv+K8KevjbzmofK6hfJ9TZIlpj2N0xQpazy7PiRQiWHqzWg==",
      "dev": true
    },
    "cssauron": {
      "version": "1.1.0",
      "resolved": "https://registry.npmjs.org/cssauron/-/cssauron-1.1.0.tgz",
      "integrity": "sha1-HywscQi/POSaOe21CF7ByZxeJew=",
      "dev": true,
      "requires": {
        "through": "X.X.X"
      }
    },
    "cssauron-falafel": {
      "version": "1.2.1",
      "resolved": "https://registry.npmjs.org/cssauron-falafel/-/cssauron-falafel-1.2.1.tgz",
      "integrity": "sha1-N7s/jpT9tKaaxadmgYajqEK+fc4=",
      "dev": true,
      "requires": {
        "cssauron": "1.1.0"
      }
    },
    "debug": {
      "version": "2.6.9",
      "resolved": "https://registry.npmjs.org/debug/-/debug-2.6.9.tgz",
      "integrity": "sha512-bC7ElrdJaJnPbAP+1EotYvqZsb3ecl5wi6Bfi6BJTUcNowp6cvspg0jXznRTKDjm/E7AdgFBVeAPVMNcKGsHMA==",
      "dev": true,
      "requires": {
        "ms": "2.0.0"
      }
    },
    "deep-is": {
      "version": "0.1.3",
      "resolved": "https://registry.npmjs.org/deep-is/-/deep-is-0.1.3.tgz",
      "integrity": "sha1-s2nW+128E+7PUk+RsHD+7cNXzzQ="
    },
    "detect-indent": {
      "version": "4.0.0",
      "resolved": "https://registry.npmjs.org/detect-indent/-/detect-indent-4.0.0.tgz",
      "integrity": "sha1-920GQ1LN9Docts5hnE7jqUdd4gg=",
      "dev": true,
      "requires": {
        "repeating": "^2.0.0"
      }
    },
    "escape-string-regexp": {
      "version": "1.0.5",
      "resolved": "https://registry.npmjs.org/escape-string-regexp/-/escape-string-regexp-1.0.5.tgz",
      "integrity": "sha1-G2HAViGQqN/2rjuyzwIAyhMLhtQ=",
      "dev": true
    },
    "escodegen": {
      "version": "1.14.1",
      "resolved": "https://registry.npmjs.org/escodegen/-/escodegen-1.14.1.tgz",
      "integrity": "sha512-Bmt7NcRySdIfNPfU2ZoXDrrXsG9ZjvDxcAlMfDUgRBjLOWTuIACXPBFJH7Z+cLb40JeQco5toikyc9t9P8E9SQ==",
      "requires": {
        "esprima": "^4.0.1",
        "estraverse": "^4.2.0",
        "esutils": "^2.0.2",
        "optionator": "^0.8.1",
        "source-map": "~0.6.1"
      }
    },
    "esprima": {
      "version": "4.0.1",
      "resolved": "https://registry.npmjs.org/esprima/-/esprima-4.0.1.tgz",
      "integrity": "sha512-eGuFFw7Upda+g4p+QHvnW0RyTX/SVeJBDM/gCtMARO0cLuT2HcEKnTPvhjV6aGeqrCB/sbNop0Kszm0jsaWU4A=="
    },
    "esprima-ast-utils": {
      "version": "0.0.7",
      "resolved": "https://registry.npmjs.org/esprima-ast-utils/-/esprima-ast-utils-0.0.7.tgz",
      "integrity": "sha512-SePvOElGTYaH2LoxXHfb1W6LTEZUgDil0JdRNzS7X/pwKSNcKIlwRDwTWnWPuqxQQHbOwFHRpbsnSC41BD2oWw==",
      "dev": true,
      "requires": {
        "archy": "^1.0.0",
        "cssauron-falafel": "^1.2.1",
        "esprima": "^3.1.3"
      },
      "dependencies": {
        "esprima": {
          "version": "3.1.3",
          "resolved": "https://registry.npmjs.org/esprima/-/esprima-3.1.3.tgz",
          "integrity": "sha1-/cpRzuYTOJXjyI1TXOSdv/YqRjM=",
          "dev": true
        }
      }
    },
    "estemplate": {
      "version": "0.5.1",
      "resolved": "https://registry.npmjs.org/estemplate/-/estemplate-0.5.1.tgz",
      "integrity": "sha1-FxSp1GGQc4rJWLyv1J4CnNpWo54=",
      "requires": {
        "esprima": "^2.7.2",
        "estraverse": "^4.1.1"
      },
      "dependencies": {
        "esprima": {
          "version": "2.7.3",
          "resolved": "https://registry.npmjs.org/esprima/-/esprima-2.7.3.tgz",
          "integrity": "sha1-luO3DVd59q1JzQMmc9HDEnZ7pYE="
        }
      }
    },
    "estraverse": {
      "version": "4.3.0",
      "resolved": "https://registry.npmjs.org/estraverse/-/estraverse-4.3.0.tgz",
      "integrity": "sha512-39nnKffWz8xN1BU/2c79n9nB9HDzo0niYUqx6xyqUnyoAnQyyWpOTdZEeiCch8BBu515t4wp9ZmgVfVhn9EBpw=="
    },
    "esutils": {
      "version": "2.0.3",
      "resolved": "https://registry.npmjs.org/esutils/-/esutils-2.0.3.tgz",
      "integrity": "sha512-kVscqXk4OCp68SZ0dkgEKVi6/8ij300KBWTJq32P/dYeWTSwK41WyTxalN1eRmA5Z9UU/LX9D7FWSmV9SAYx6g=="
    },
    "esvalidate": {
      "version": "0.1.3",
      "resolved": "https://registry.npmjs.org/esvalidate/-/esvalidate-0.1.3.tgz",
      "integrity": "sha1-jf+T4Af+/ht+jK+zeVHPbzSwf54=",
      "dev": true,
      "requires": {
        "esprima": "1.2.1"
      },
      "dependencies": {
        "esprima": {
          "version": "1.2.1",
          "resolved": "https://registry.npmjs.org/esprima/-/esprima-1.2.1.tgz",
          "integrity": "sha1-IBvfTfqFlfcvQ5NsdjRnS1T0c08=",
          "dev": true
        }
      }
    },
    "fast-levenshtein": {
      "version": "2.0.6",
      "resolved": "https://registry.npmjs.org/fast-levenshtein/-/fast-levenshtein-2.0.6.tgz",
      "integrity": "sha1-PYpcZog6FqMMqGQ+hR8Zuqd5eRc="
    },
    "globals": {
      "version": "9.18.0",
      "resolved": "https://registry.npmjs.org/globals/-/globals-9.18.0.tgz",
      "integrity": "sha512-S0nG3CLEQiY/ILxqtztTWH/3iRRdyBLw6KMDxnKMchrtbj2OFmehVh0WUCfW3DUrIgx/qFrJPICrq4Z4sTR9UQ==",
      "dev": true
    },
    "has-ansi": {
      "version": "2.0.0",
      "resolved": "https://registry.npmjs.org/has-ansi/-/has-ansi-2.0.0.tgz",
      "integrity": "sha1-NPUEnOHs3ysGSa8+8k5F7TVBbZE=",
      "dev": true,
      "requires": {
        "ansi-regex": "^2.0.0"
      }
    },
    "home-or-tmp": {
      "version": "2.0.0",
      "resolved": "https://registry.npmjs.org/home-or-tmp/-/home-or-tmp-2.0.0.tgz",
      "integrity": "sha1-42w/LSyufXRqhX440Y1fMqeILbg=",
      "dev": true,
      "requires": {
        "os-homedir": "^1.0.0",
        "os-tmpdir": "^1.0.1"
      }
    },
    "invariant": {
      "version": "2.2.4",
      "resolved": "https://registry.npmjs.org/invariant/-/invariant-2.2.4.tgz",
      "integrity": "sha512-phJfQVBuaJM5raOpJjSfkiD6BpbCE4Ns//LaXl6wGYtUBY83nWS6Rf9tXm2e8VaK60JEjYldbPif/A2B1C2gNA==",
      "dev": true,
      "requires": {
        "loose-envify": "^1.0.0"
      }
    },
    "is-finite": {
      "version": "1.1.0",
      "resolved": "https://registry.npmjs.org/is-finite/-/is-finite-1.1.0.tgz",
      "integrity": "sha512-cdyMtqX/BOqqNBBiKlIVkytNHm49MtMlYyn1zxzvJKWmFMlGzm+ry5BBfYyeY9YmNKbRSo/o7OX9w9ale0wg3w==",
      "dev": true
    },
    "js-tokens": {
      "version": "3.0.2",
      "resolved": "https://registry.npmjs.org/js-tokens/-/js-tokens-3.0.2.tgz",
      "integrity": "sha1-mGbfOVECEw449/mWvOtlRDIJwls=",
      "dev": true
    },
    "jsesc": {
      "version": "1.3.0",
      "resolved": "https://registry.npmjs.org/jsesc/-/jsesc-1.3.0.tgz",
      "integrity": "sha1-RsP+yMGJKxKwgz25vHYiF226s0s=",
      "dev": true
    },
    "json5": {
      "version": "0.5.1",
      "resolved": "https://registry.npmjs.org/json5/-/json5-0.5.1.tgz",
      "integrity": "sha1-Hq3nrMASA0rYTiOWdn6tn6VJWCE=",
      "dev": true
    },
    "levn": {
      "version": "0.3.0",
      "resolved": "https://registry.npmjs.org/levn/-/levn-0.3.0.tgz",
      "integrity": "sha1-OwmSTt+fCDwEkP3UwLxEIeBHZO4=",
      "requires": {
        "prelude-ls": "~1.1.2",
        "type-check": "~0.3.2"
      }
    },
    "lexie": {
      "version": "1.0.7",
      "resolved": "https://registry.npmjs.org/lexie/-/lexie-1.0.7.tgz",
      "integrity": "sha512-m0s+RUNjC7LdTq2RRGiMWDcTNEeZKaHWX4Ur9BfJ0+yYx06xzPAmVoFHt6jwnir+JqBzTtG7zMMjlrYkTEzUVQ=="
    },
    "livescript": {
      "version": "1.6.0",
      "resolved": "https://registry.npmjs.org/livescript/-/livescript-1.6.0.tgz",
      "integrity": "sha512-x5q+sx1/rOPmx6Fp04gjUqRr4XL5djqXPctu6FPBktm7d7gfRrKkYj9PhMeKT8OKE1bfL92njzAwaN8JCj8kRQ==",
      "requires": {
        "optionator": "~0.8.2",
        "prelude-ls": "~1.1.2",
        "source-map": "=0.6.1",
        "source-map-support": "=0.5.6"
      }
    },
    "lodash": {
      "version": "4.17.21",
      "resolved": "https://registry.npmjs.org/lodash/-/lodash-4.17.21.tgz",
      "integrity": "sha512-v2kDEe57lecTulaDIuNTPy3Ry4gLGJ6Z1O3vE1krgXZNrsQ+LFTGHVxVjcXPs17LhbZVGedAJv8XZ1tvj5FvSg==",
      "dev": true
    },
    "loose-envify": {
      "version": "1.4.0",
      "resolved": "https://registry.npmjs.org/loose-envify/-/loose-envify-1.4.0.tgz",
      "integrity": "sha512-lyuxPGr/Wfhrlem2CL/UcnUc1zcqKAImBDzukY7Y5F/yQiNdko6+fRLevlw1HgMySw7f611UIY408EtxRSoK3Q==",
      "dev": true,
      "requires": {
        "js-tokens": "^3.0.0 || ^4.0.0"
      }
    },
    "minimatch": {
      "version": "3.0.4",
      "resolved": "https://registry.npmjs.org/minimatch/-/minimatch-3.0.4.tgz",
      "integrity": "sha512-yJHVQEhyqPLUTgt9B83PXu6W3rx4MvvHvSUvToogpwoGDOUQ+yDrR0HRot+yOCdCO7u4hX3pWft6kWBBcqh0UA==",
      "dev": true,
      "requires": {
        "brace-expansion": "^1.1.7"
      }
    },
    "minimist": {
      "version": "1.2.5",
      "resolved": "https://registry.npmjs.org/minimist/-/minimist-1.2.5.tgz",
      "integrity": "sha512-FM9nNUYrRBAELZQT3xeZQ7fmMOBg6nWNmJKTcgsJeaLstP/UODVpGsr5OhXhhXg6f+qtJ8uiZ+PUxkDWcgIXLw==",
      "dev": true
    },
    "mkdirp": {
      "version": "0.5.4",
      "resolved": "https://registry.npmjs.org/mkdirp/-/mkdirp-0.5.4.tgz",
      "integrity": "sha512-iG9AK/dJLtJ0XNgTuDbSyNS3zECqDlAhnQW4CsNxBG3LQJBbHmRX1egw39DmtOdCAqY+dKXV+sgPgilNWUKMVw==",
      "dev": true,
      "requires": {
        "minimist": "^1.2.5"
      }
    },
    "ms": {
      "version": "2.0.0",
      "resolved": "https://registry.npmjs.org/ms/-/ms-2.0.0.tgz",
      "integrity": "sha1-VgiurfwAvmwpAd9fmGF4jeDVl8g=",
      "dev": true
    },
    "optionator": {
      "version": "0.8.3",
      "resolved": "https://registry.npmjs.org/optionator/-/optionator-0.8.3.tgz",
      "integrity": "sha512-+IW9pACdk3XWmmTXG8m3upGUJst5XRGzxMRjXzAuJ1XnIFNvfhjjIuYkDvysnPQ7qzqVzLt78BCruntqRhWQbA==",
      "requires": {
        "deep-is": "~0.1.3",
        "fast-levenshtein": "~2.0.6",
        "levn": "~0.3.0",
        "prelude-ls": "~1.1.2",
        "type-check": "~0.3.2",
        "word-wrap": "~1.2.3"
      }
    },
    "os-homedir": {
      "version": "1.0.2",
      "resolved": "https://registry.npmjs.org/os-homedir/-/os-homedir-1.0.2.tgz",
      "integrity": "sha1-/7xJiDNuDoM94MFox+8VISGqf7M=",
      "dev": true
    },
    "os-tmpdir": {
      "version": "1.0.2",
      "resolved": "https://registry.npmjs.org/os-tmpdir/-/os-tmpdir-1.0.2.tgz",
      "integrity": "sha1-u+Z0BseaqFxc/sdm/lc0VV36EnQ=",
      "dev": true
    },
    "path-is-absolute": {
      "version": "1.0.1",
      "resolved": "https://registry.npmjs.org/path-is-absolute/-/path-is-absolute-1.0.1.tgz",
      "integrity": "sha1-F0uSaHNVNP+8es5r9TpanhtcX18=",
      "dev": true
    },
    "prelude-ls": {
      "version": "1.1.2",
      "resolved": "https://registry.npmjs.org/prelude-ls/-/prelude-ls-1.1.2.tgz",
      "integrity": "sha1-IZMqVJ9eUv/ZqCf1cOBL5iqX2lQ="
    },
    "private": {
      "version": "0.1.8",
      "resolved": "https://registry.npmjs.org/private/-/private-0.1.8.tgz",
      "integrity": "sha512-VvivMrbvd2nKkiG38qjULzlc+4Vx4wm/whI9pQD35YrARNnhxeiRktSOhSukRLFNlzg6Br/cJPet5J/u19r/mg==",
      "dev": true
    },
    "regenerator-runtime": {
      "version": "0.11.1",
      "resolved": "https://registry.npmjs.org/regenerator-runtime/-/regenerator-runtime-0.11.1.tgz",
      "integrity": "sha512-MguG95oij0fC3QV3URf4V2SDYGJhJnJGqvIIgdECeODCT98wSWDAJ94SSuVpYQUoTcGUIL6L4yNB7j1DFFHSBg==",
      "dev": true
    },
    "repeating": {
      "version": "2.0.1",
      "resolved": "https://registry.npmjs.org/repeating/-/repeating-2.0.1.tgz",
      "integrity": "sha1-UhTFOpJtNVJwdSf7q0FdvAjQbdo=",
      "dev": true,
      "requires": {
        "is-finite": "^1.0.0"
      }
    },
    "rollup": {
      "version": "0.49.3",
      "resolved": "https://registry.npmjs.org/rollup/-/rollup-0.49.3.tgz",
      "integrity": "sha512-n/vHRX4GhMIyGZEQRANcSFVtvz99bSRbNMuoC33ar9f4CViqffyF9WklLb2mxIQ6I/uFf7wDEpc66bXBFE7FvA==",
      "dev": true
    },
    "safe-buffer": {
      "version": "5.1.2",
      "resolved": "https://registry.npmjs.org/safe-buffer/-/safe-buffer-5.1.2.tgz",
      "integrity": "sha512-Gd2UZBJDkXlY7GbJxfsE8/nvKkUEU1G38c1siN6QP6a9PT9MmHB8GnpscSmMJSoF8LOIrt8ud/wPtojys4G6+g==",
      "dev": true
    },
    "slash": {
      "version": "1.0.0",
      "resolved": "https://registry.npmjs.org/slash/-/slash-1.0.0.tgz",
      "integrity": "sha1-xB8vbDn8FtHNF61LXYlhFK5HDVU=",
      "dev": true
    },
    "source-map": {
      "version": "0.6.1",
      "resolved": "https://registry.npmjs.org/source-map/-/source-map-0.6.1.tgz",
      "integrity": "sha512-UjgapumWlbMhkBgzT7Ykc5YXUT46F0iKu8SGXq0bcwP5dz/h0Plj6enJqjz1Zbq2l5WaqYnrVbwWOWMyF3F47g=="
    },
    "source-map-support": {
      "version": "0.5.6",
      "resolved": "https://registry.npmjs.org/source-map-support/-/source-map-support-0.5.6.tgz",
      "integrity": "sha512-N4KXEz7jcKqPf2b2vZF11lQIz9W5ZMuUcIOGj243lduidkf2fjkVKJS9vNxVWn3u/uxX38AcE8U9nnH9FPcq+g==",
      "requires": {
        "buffer-from": "^1.0.0",
        "source-map": "^0.6.0"
      }
    },
    "strip-ansi": {
      "version": "3.0.1",
      "resolved": "https://registry.npmjs.org/strip-ansi/-/strip-ansi-3.0.1.tgz",
      "integrity": "sha1-ajhfuIU9lS1f8F0Oiq+UJ43GPc8=",
      "dev": true,
      "requires": {
        "ansi-regex": "^2.0.0"
      }
    },
    "supports-color": {
      "version": "2.0.0",
      "resolved": "https://registry.npmjs.org/supports-color/-/supports-color-2.0.0.tgz",
      "integrity": "sha1-U10EXOa2Nj+kARcIRimZXp3zJMc=",
      "dev": true
    },
    "through": {
      "version": "2.3.8",
      "resolved": "https://registry.npmjs.org/through/-/through-2.3.8.tgz",
      "integrity": "sha1-DdTJ/6q8NXlgsbckEV1+Doai4fU=",
      "dev": true
    },
    "to-fast-properties": {
      "version": "1.0.3",
      "resolved": "https://registry.npmjs.org/to-fast-properties/-/to-fast-properties-1.0.3.tgz",
      "integrity": "sha1-uDVx+k2MJbguIxsG46MFXeTKGkc=",
      "dev": true
    },
    "trim-right": {
      "version": "1.0.1",
      "resolved": "https://registry.npmjs.org/trim-right/-/trim-right-1.0.1.tgz",
      "integrity": "sha1-yy4SAwZ+DI3h9hQJS5/kVwTqYAM=",
      "dev": true
    },
    "type-check": {
      "version": "0.3.2",
      "resolved": "https://registry.npmjs.org/type-check/-/type-check-0.3.2.tgz",
      "integrity": "sha1-WITKtRLPHTVeP7eE8wgEsrUg23I=",
      "requires": {
        "prelude-ls": "~1.1.2"
      }
    },
    "word-wrap": {
      "version": "1.2.3",
      "resolved": "https://registry.npmjs.org/word-wrap/-/word-wrap-1.2.3.tgz",
      "integrity": "sha512-Hz/mrNwitNRh/HUAtM/VT/5VH+ygD6DV7mYKZAtHOrbs8U7lvPS6xf7EJKMF0uW1KJCl0H701g3ZGus+muE5vQ=="
    }
  }
}
